
Microsoft Visual Studio Solution File, Format Version 12.00
# Visual Studio Version 17
VisualStudioVersion = 17.0.32014.148
MinimumVisualStudioVersion = 10.0.40219.1
Project("{FAE04EC0-301F-11D3-BF4B-00C04F79EFBC}") = "Ayubo Drive", "Ayubo Drive\Ayubo Drive.csproj", "{580BD0EF-895A-42A7-B977-7595C754428C}"
EndProject
Global
	GlobalSection(SolutionConfigurationPlatforms) = preSolution
		Debug|Any CPU = Debug|Any CPU
		Release|Any CPU = Release|Any CPU
	EndGlobalSection
	GlobalSection(ProjectConfigurationPlatforms) = postSolution
		{580BD0EF-895A-42A7-B977-7595C754428C}.Debug|Any CPU.ActiveCfg = Debug|Any CPU
		{580BD0EF-895A-42A7-B977-7595C754428C}.Debug|Any CPU.Build.0 = Debug|Any CPU
		{580BD0EF-895A-42A7-B977-7595C754428C}.Release|Any CPU.ActiveCfg = Release|Any CPU
		{580BD0EF-895A-42A7-B977-7595C754428C}.Release|Any CPU.Build.0 = Release|Any CPU
	EndGlobalSection
	GlobalSection(SolutionProperties) = preSolution
		HideSolutionNode = FALSE
	EndGlobalSection
	GlobalSection(ExtensibilityGlobals) = postSolution
		SolutionGuid = {F292E01A-F17B-4922-AEF2-A5BB956C92E2}
	EndGlobalSection
EndGlobal
